
Microsoft Visual Studio Solution File, Format Version 12.00
# Visual Studio Version 17
VisualStudioVersion = 17.0.31903.59
MinimumVisualStudioVersion = 10.0.40219.1
Project("{2150E333-8FDC-42A3-9474-1A3956D46DE8}") = "src", "src", "{8224FBE4-9D0E-4FB0-AE36-5F69BDCC0E0C}"
EndProject
Project("{FAE04EC0-301F-11D3-BF4B-00C04F79EFBC}") = "PoC.Populator", "src\PoC.Populator\PoC.Populator.csproj", "{42EB1B69-C9D4-41D9-B57E-748590F80034}"
EndProject
Project("{FAE04EC0-301F-11D3-BF4B-00C04F79EFBC}") = "PoC.Shared", "src\PoC.Shared\PoC.Shared.csproj", "{40A3F02B-6740-4205-8E98-C6760CF9460B}"
EndProject
Project("{FAE04EC0-301F-11D3-BF4B-00C04F79EFBC}") = "PoC.ArchitectureTests", "src\PoC.ArchitectureTests\PoC.ArchitectureTests.csproj", "{E8330294-7893-4A35-8162-B8FAC72222D7}"
EndProject
Project("{FAE04EC0-301F-11D3-BF4B-00C04F79EFBC}") = "PoC.Costing", "src\PoC.Costing\PoC.Costing.csproj", "{B1AB1BFA-12D4-4216-917E-674BD86DCC8F}"
EndProject
Project("{FAE04EC0-301F-11D3-BF4B-00C04F79EFBC}") = "PoC.Materials", "src\PoC.Materials\PoC.Materials.csproj", "{2B3B9DCE-0137-4911-ABD6-DCA801F25B2E}"
EndProject
Project("{2150E333-8FDC-42A3-9474-1A3956D46DE8}") = "tests", "tests", "{0AB3BF05-4346-4AA6-1389-037BE0695223}"
EndProject
Project("{FAE04EC0-301F-11D3-BF4B-00C04F79EFBC}") = "PoC.E2E", "tests\PoC.E2E\PoC.E2E.csproj", "{7F03C44A-38E4-4369-8F15-FC6D4CB27719}"
EndProject
Project("{FAE04EC0-301F-11D3-BF4B-00C04F79EFBC}") = "PoC.Shared.Tests", "tests\PoC.Shared.Tests\PoC.Shared.Tests.csproj", "{9E3A7346-FBB7-4FFF-AC41-7E3CB777BD72}"
EndProject
Project("{FAE04EC0-301F-11D3-BF4B-00C04F79EFBC}") = "PoC.Costing.Tests", "tests\PoC.Costing.Tests\PoC.Costing.Tests.csproj", "{13CED85E-CB4C-41A2-BF92-06126D5692EC}"
EndProject
Project("{FAE04EC0-301F-11D3-BF4B-00C04F79EFBC}") = "PoC.Observability.E2E", "tests\PoC.Observability.E2E\PoC.Observability.E2E.csproj", "{1B43E4E8-2B9D-446A-9064-7052ECD57EFC}"
EndProject
Project("{FAE04EC0-301F-11D3-BF4B-00C04F79EFBC}") = "PoC.Observability", "src\PoC.Observability\PoC.Observability.csproj", "{C87E9F38-04A2-444E-A207-0B7E6E208BE3}"
EndProject
Project("{FAE04EC0-301F-11D3-BF4B-00C04F79EFBC}") = "PoC.FeatureFlags", "src\PoC.FeatureFlags\PoC.FeatureFlags.csproj", "{EE0F96CB-8412-4DAE-904F-66369A3BD67F}"
EndProject
Global
	GlobalSection(SolutionConfigurationPlatforms) = preSolution
		Debug|Any CPU = Debug|Any CPU
		Debug|x64 = Debug|x64
		Debug|x86 = Debug|x86
		Release|Any CPU = Release|Any CPU
		Release|x64 = Release|x64
		Release|x86 = Release|x86
	EndGlobalSection
	GlobalSection(ProjectConfigurationPlatforms) = postSolution
		{42EB1B69-C9D4-41D9-B57E-748590F80034}.Debug|Any CPU.ActiveCfg = Debug|Any CPU
		{42EB1B69-C9D4-41D9-B57E-748590F80034}.Debug|Any CPU.Build.0 = Debug|Any CPU
		{42EB1B69-C9D4-41D9-B57E-748590F80034}.Debug|x64.ActiveCfg = Debug|Any CPU
		{42EB1B69-C9D4-41D9-B57E-748590F80034}.Debug|x64.Build.0 = Debug|Any CPU
		{42EB1B69-C9D4-41D9-B57E-748590F80034}.Debug|x86.ActiveCfg = Debug|Any CPU
		{42EB1B69-C9D4-41D9-B57E-748590F80034}.Debug|x86.Build.0 = Debug|Any CPU
		{42EB1B69-C9D4-41D9-B57E-748590F80034}.Release|Any CPU.ActiveCfg = Release|Any CPU
		{42EB1B69-C9D4-41D9-B57E-748590F80034}.Release|Any CPU.Build.0 = Release|Any CPU
		{42EB1B69-C9D4-41D9-B57E-748590F80034}.Release|x64.ActiveCfg = Release|Any CPU
		{42EB1B69-C9D4-41D9-B57E-748590F80034}.Release|x64.Build.0 = Release|Any CPU
		{42EB1B69-C9D4-41D9-B57E-748590F80034}.Release|x86.ActiveCfg = Release|Any CPU
		{42EB1B69-C9D4-41D9-B57E-748590F80034}.Release|x86.Build.0 = Release|Any CPU
		{40A3F02B-6740-4205-8E98-C6760CF9460B}.Debug|Any CPU.ActiveCfg = Debug|Any CPU
		{40A3F02B-6740-4205-8E98-C6760CF9460B}.Debug|Any CPU.Build.0 = Debug|Any CPU
		{40A3F02B-6740-4205-8E98-C6760CF9460B}.Debug|x64.ActiveCfg = Debug|Any CPU
		{40A3F02B-6740-4205-8E98-C6760CF9460B}.Debug|x64.Build.0 = Debug|Any CPU
		{40A3F02B-6740-4205-8E98-C6760CF9460B}.Debug|x86.ActiveCfg = Debug|Any CPU
		{40A3F02B-6740-4205-8E98-C6760CF9460B}.Debug|x86.Build.0 = Debug|Any CPU
		{40A3F02B-6740-4205-8E98-C6760CF9460B}.Release|Any CPU.ActiveCfg = Release|Any CPU
		{40A3F02B-6740-4205-8E98-C6760CF9460B}.Release|Any CPU.Build.0 = Release|Any CPU
		{40A3F02B-6740-4205-8E98-C6760CF9460B}.Release|x64.ActiveCfg = Release|Any CPU
		{40A3F02B-6740-4205-8E98-C6760CF9460B}.Release|x64.Build.0 = Release|Any CPU
		{40A3F02B-6740-4205-8E98-C6760CF9460B}.Release|x86.ActiveCfg = Release|Any CPU
		{40A3F02B-6740-4205-8E98-C6760CF9460B}.Release|x86.Build.0 = Release|Any CPU
		{E8330294-7893-4A35-8162-B8FAC72222D7}.Debug|Any CPU.ActiveCfg = Debug|Any CPU
		{E8330294-7893-4A35-8162-B8FAC72222D7}.Debug|Any CPU.Build.0 = Debug|Any CPU
		{E8330294-7893-4A35-8162-B8FAC72222D7}.Debug|x64.ActiveCfg = Debug|Any CPU
		{E8330294-7893-4A35-8162-B8FAC72222D7}.Debug|x64.Build.0 = Debug|Any CPU
		{E8330294-7893-4A35-8162-B8FAC72222D7}.Debug|x86.ActiveCfg = Debug|Any CPU
		{E8330294-7893-4A35-8162-B8FAC72222D7}.Debug|x86.Build.0 = Debug|Any CPU
		{E8330294-7893-4A35-8162-B8FAC72222D7}.Release|Any CPU.ActiveCfg = Release|Any CPU
		{E8330294-7893-4A35-8162-B8FAC72222D7}.Release|Any CPU.Build.0 = Release|Any CPU
		{E8330294-7893-4A35-8162-B8FAC72222D7}.Release|x64.ActiveCfg = Release|Any CPU
		{E8330294-7893-4A35-8162-B8FAC72222D7}.Release|x64.Build.0 = Release|Any CPU
		{E8330294-7893-4A35-8162-B8FAC72222D7}.Release|x86.ActiveCfg = Release|Any CPU
		{E8330294-7893-4A35-8162-B8FAC72222D7}.Release|x86.Build.0 = Release|Any CPU
		{B1AB1BFA-12D4-4216-917E-674BD86DCC8F}.Debug|Any CPU.ActiveCfg = Debug|Any CPU
		{B1AB1BFA-12D4-4216-917E-674BD86DCC8F}.Debug|Any CPU.Build.0 = Debug|Any CPU
		{B1AB1BFA-12D4-4216-917E-674BD86DCC8F}.Debug|x64.ActiveCfg = Debug|Any CPU
		{B1AB1BFA-12D4-4216-917E-674BD86DCC8F}.Debug|x64.Build.0 = Debug|Any CPU
		{B1AB1BFA-12D4-4216-917E-674BD86DCC8F}.Debug|x86.ActiveCfg = Debug|Any CPU
		{B1AB1BFA-12D4-4216-917E-674BD86DCC8F}.Debug|x86.Build.0 = Debug|Any CPU
		{B1AB1BFA-12D4-4216-917E-674BD86DCC8F}.Release|Any CPU.ActiveCfg = Release|Any CPU
		{B1AB1BFA-12D4-4216-917E-674BD86DCC8F}.Release|Any CPU.Build.0 = Release|Any CPU
		{B1AB1BFA-12D4-4216-917E-674BD86DCC8F}.Release|x64.ActiveCfg = Release|Any CPU
		{B1AB1BFA-12D4-4216-917E-674BD86DCC8F}.Release|x64.Build.0 = Release|Any CPU
		{B1AB1BFA-12D4-4216-917E-674BD86DCC8F}.Release|x86.ActiveCfg = Release|Any CPU
		{B1AB1BFA-12D4-4216-917E-674BD86DCC8F}.Release|x86.Build.0 = Release|Any CPU
		{2B3B9DCE-0137-4911-ABD6-DCA801F25B2E}.Debug|Any CPU.ActiveCfg = Debug|Any CPU
		{2B3B9DCE-0137-4911-ABD6-DCA801F25B2E}.Debug|Any CPU.Build.0 = Debug|Any CPU
		{2B3B9DCE-0137-4911-ABD6-DCA801F25B2E}.Debug|x64.ActiveCfg = Debug|Any CPU
		{2B3B9DCE-0137-4911-ABD6-DCA801F25B2E}.Debug|x64.Build.0 = Debug|Any CPU
		{2B3B9DCE-0137-4911-ABD6-DCA801F25B2E}.Debug|x86.ActiveCfg = Debug|Any CPU
		{2B3B9DCE-0137-4911-ABD6-DCA801F25B2E}.Debug|x86.Build.0 = Debug|Any CPU
		{2B3B9DCE-0137-4911-ABD6-DCA801F25B2E}.Release|Any CPU.ActiveCfg = Release|Any CPU
		{2B3B9DCE-0137-4911-ABD6-DCA801F25B2E}.Release|Any CPU.Build.0 = Release|Any CPU
		{2B3B9DCE-0137-4911-ABD6-DCA801F25B2E}.Release|x64.ActiveCfg = Release|Any CPU
		{2B3B9DCE-0137-4911-ABD6-DCA801F25B2E}.Release|x64.Build.0 = Release|Any CPU
		{2B3B9DCE-0137-4911-ABD6-DCA801F25B2E}.Release|x86.ActiveCfg = Release|Any CPU
		{2B3B9DCE-0137-4911-ABD6-DCA801F25B2E}.Release|x86.Build.0 = Release|Any CPU
		{7F03C44A-38E4-4369-8F15-FC6D4CB27719}.Debug|Any CPU.ActiveCfg = Debug|Any CPU
		{7F03C44A-38E4-4369-8F15-FC6D4CB27719}.Debug|Any CPU.Build.0 = Debug|Any CPU
		{7F03C44A-38E4-4369-8F15-FC6D4CB27719}.Debug|x64.ActiveCfg = Debug|Any CPU
		{7F03C44A-38E4-4369-8F15-FC6D4CB27719}.Debug|x64.Build.0 = Debug|Any CPU
		{7F03C44A-38E4-4369-8F15-FC6D4CB27719}.Debug|x86.ActiveCfg = Debug|Any CPU
		{7F03C44A-38E4-4369-8F15-FC6D4CB27719}.Debug|x86.Build.0 = Debug|Any CPU
		{7F03C44A-38E4-4369-8F15-FC6D4CB27719}.Release|Any CPU.ActiveCfg = Release|Any CPU
		{7F03C44A-38E4-4369-8F15-FC6D4CB27719}.Release|Any CPU.Build.0 = Release|Any CPU
		{7F03C44A-38E4-4369-8F15-FC6D4CB27719}.Release|x64.ActiveCfg = Release|Any CPU
		{7F03C44A-38E4-4369-8F15-FC6D4CB27719}.Release|x64.Build.0 = Release|Any CPU
		{7F03C44A-38E4-4369-8F15-FC6D4CB27719}.Release|x86.ActiveCfg = Release|Any CPU
		{7F03C44A-38E4-4369-8F15-FC6D4CB27719}.Release|x86.Build.0 = Release|Any CPU
		{9E3A7346-FBB7-4FFF-AC41-7E3CB777BD72}.Debug|Any CPU.ActiveCfg = Debug|Any CPU
		{9E3A7346-FBB7-4FFF-AC41-7E3CB777BD72}.Debug|Any CPU.Build.0 = Debug|Any CPU
		{9E3A7346-FBB7-4FFF-AC41-7E3CB777BD72}.Debug|x64.ActiveCfg = Debug|Any CPU
		{9E3A7346-FBB7-4FFF-AC41-7E3CB777BD72}.Debug|x64.Build.0 = Debug|Any CPU
		{9E3A7346-FBB7-4FFF-AC41-7E3CB777BD72}.Debug|x86.ActiveCfg = Debug|Any CPU
		{9E3A7346-FBB7-4FFF-AC41-7E3CB777BD72}.Debug|x86.Build.0 = Debug|Any CPU
		{9E3A7346-FBB7-4FFF-AC41-7E3CB777BD72}.Release|Any CPU.ActiveCfg = Release|Any CPU
		{9E3A7346-FBB7-4FFF-AC41-7E3CB777BD72}.Release|Any CPU.Build.0 = Release|Any CPU
		{9E3A7346-FBB7-4FFF-AC41-7E3CB777BD72}.Release|x64.ActiveCfg = Release|Any CPU
		{9E3A7346-FBB7-4FFF-AC41-7E3CB777BD72}.Release|x64.Build.0 = Release|Any CPU
		{9E3A7346-FBB7-4FFF-AC41-7E3CB777BD72}.Release|x86.ActiveCfg = Release|Any CPU
		{9E3A7346-FBB7-4FFF-AC41-7E3CB777BD72}.Release|x86.Build.0 = Release|Any CPU
		{13CED85E-CB4C-41A2-BF92-06126D5692EC}.Debug|Any CPU.ActiveCfg = Debug|Any CPU
		{13CED85E-CB4C-41A2-BF92-06126D5692EC}.Debug|Any CPU.Build.0 = Debug|Any CPU
		{13CED85E-CB4C-41A2-BF92-06126D5692EC}.Debug|x64.ActiveCfg = Debug|Any CPU
		{13CED85E-CB4C-41A2-BF92-06126D5692EC}.Debug|x64.Build.0 = Debug|Any CPU
		{13CED85E-CB4C-41A2-BF92-06126D5692EC}.Debug|x86.ActiveCfg = Debug|Any CPU
		{13CED85E-CB4C-41A2-BF92-06126D5692EC}.Debug|x86.Build.0 = Debug|Any CPU
		{13CED85E-CB4C-41A2-BF92-06126D5692EC}.Release|Any CPU.ActiveCfg = Release|Any CPU
		{13CED85E-CB4C-41A2-BF92-06126D5692EC}.Release|Any CPU.Build.0 = Release|Any CPU
		{13CED85E-CB4C-41A2-BF92-06126D5692EC}.Release|x64.ActiveCfg = Release|Any CPU
		{13CED85E-CB4C-41A2-BF92-06126D5692EC}.Release|x64.Build.0 = Release|Any CPU
		{13CED85E-CB4C-41A2-BF92-06126D5692EC}.Release|x86.ActiveCfg = Release|Any CPU
		{13CED85E-CB4C-41A2-BF92-06126D5692EC}.Release|x86.Build.0 = Release|Any CPU
		{1B43E4E8-2B9D-446A-9064-7052ECD57EFC}.Debug|Any CPU.ActiveCfg = Debug|Any CPU
		{1B43E4E8-2B9D-446A-9064-7052ECD57EFC}.Debug|Any CPU.Build.0 = Debug|Any CPU
		{1B43E4E8-2B9D-446A-9064-7052ECD57EFC}.Debug|x64.ActiveCfg = Debug|Any CPU
		{1B43E4E8-2B9D-446A-9064-7052ECD57EFC}.Debug|x64.Build.0 = Debug|Any CPU
		{1B43E4E8-2B9D-446A-9064-7052ECD57EFC}.Debug|x86.ActiveCfg = Debug|Any CPU
		{1B43E4E8-2B9D-446A-9064-7052ECD57EFC}.Debug|x86.Build.0 = Debug|Any CPU
		{1B43E4E8-2B9D-446A-9064-7052ECD57EFC}.Release|Any CPU.ActiveCfg = Release|Any CPU
		{1B43E4E8-2B9D-446A-9064-7052ECD57EFC}.Release|Any CPU.Build.0 = Release|Any CPU
		{1B43E4E8-2B9D-446A-9064-7052ECD57EFC}.Release|x64.ActiveCfg = Release|Any CPU
		{1B43E4E8-2B9D-446A-9064-7052ECD57EFC}.Release|x64.Build.0 = Release|Any CPU
		{1B43E4E8-2B9D-446A-9064-7052ECD57EFC}.Release|x86.ActiveCfg = Release|Any CPU
		{1B43E4E8-2B9D-446A-9064-7052ECD57EFC}.Release|x86.Build.0 = Release|Any CPU
		{C87E9F38-04A2-444E-A207-0B7E6E208BE3}.Debug|Any CPU.ActiveCfg = Debug|Any CPU
		{C87E9F38-04A2-444E-A207-0B7E6E208BE3}.Debug|Any CPU.Build.0 = Debug|Any CPU
		{C87E9F38-04A2-444E-A207-0B7E6E208BE3}.Debug|x64.ActiveCfg = Debug|Any CPU
		{C87E9F38-04A2-444E-A207-0B7E6E208BE3}.Debug|x64.Build.0 = Debug|Any CPU
		{C87E9F38-04A2-444E-A207-0B7E6E208BE3}.Debug|x86.ActiveCfg = Debug|Any CPU
		{C87E9F38-04A2-444E-A207-0B7E6E208BE3}.Debug|x86.Build.0 = Debug|Any CPU
		{C87E9F38-04A2-444E-A207-0B7E6E208BE3}.Release|Any CPU.ActiveCfg = Release|Any CPU
		{C87E9F38-04A2-444E-A207-0B7E6E208BE3}.Release|Any CPU.Build.0 = Release|Any CPU
		{C87E9F38-04A2-444E-A207-0B7E6E208BE3}.Release|x64.ActiveCfg = Release|Any CPU
		{C87E9F38-04A2-444E-A207-0B7E6E208BE3}.Release|x64.Build.0 = Release|Any CPU
		{C87E9F38-04A2-444E-A207-0B7E6E208BE3}.Release|x86.ActiveCfg = Release|Any CPU
		{C87E9F38-04A2-444E-A207-0B7E6E208BE3}.Release|x86.Build.0 = Release|Any CPU
		{EE0F96CB-8412-4DAE-904F-66369A3BD67F}.Debug|Any CPU.ActiveCfg = Debug|Any CPU
		{EE0F96CB-8412-4DAE-904F-66369A3BD67F}.Debug|Any CPU.Build.0 = Debug|Any CPU
		{EE0F96CB-8412-4DAE-904F-66369A3BD67F}.Debug|x64.ActiveCfg = Debug|Any CPU
		{EE0F96CB-8412-4DAE-904F-66369A3BD67F}.Debug|x64.Build.0 = Debug|Any CPU
		{EE0F96CB-8412-4DAE-904F-66369A3BD67F}.Debug|x86.ActiveCfg = Debug|Any CPU
		{EE0F96CB-8412-4DAE-904F-66369A3BD67F}.Debug|x86.Build.0 = Debug|Any CPU
		{EE0F96CB-8412-4DAE-904F-66369A3BD67F}.Release|Any CPU.ActiveCfg = Release|Any CPU
		{EE0F96CB-8412-4DAE-904F-66369A3BD67F}.Release|Any CPU.Build.0 = Release|Any CPU
		{EE0F96CB-8412-4DAE-904F-66369A3BD67F}.Release|x64.ActiveCfg = Release|Any CPU
		{EE0F96CB-8412-4DAE-904F-66369A3BD67F}.Release|x64.Build.0 = Release|Any CPU
		{EE0F96CB-8412-4DAE-904F-66369A3BD67F}.Release|x86.ActiveCfg = Release|Any CPU
		{EE0F96CB-8412-4DAE-904F-66369A3BD67F}.Release|x86.Build.0 = Release|Any CPU
	EndGlobalSection
	GlobalSection(SolutionProperties) = preSolution
		HideSolutionNode = FALSE
	EndGlobalSection
	GlobalSection(NestedProjects) = preSolution
		{42EB1B69-C9D4-41D9-B57E-748590F80034} = {8224FBE4-9D0E-4FB0-AE36-5F69BDCC0E0C}
		{40A3F02B-6740-4205-8E98-C6760CF9460B} = {8224FBE4-9D0E-4FB0-AE36-5F69BDCC0E0C}
		{E8330294-7893-4A35-8162-B8FAC72222D7} = {8224FBE4-9D0E-4FB0-AE36-5F69BDCC0E0C}
		{B1AB1BFA-12D4-4216-917E-674BD86DCC8F} = {8224FBE4-9D0E-4FB0-AE36-5F69BDCC0E0C}
		{2B3B9DCE-0137-4911-ABD6-DCA801F25B2E} = {8224FBE4-9D0E-4FB0-AE36-5F69BDCC0E0C}
		{7F03C44A-38E4-4369-8F15-FC6D4CB27719} = {0AB3BF05-4346-4AA6-1389-037BE0695223}
		{9E3A7346-FBB7-4FFF-AC41-7E3CB777BD72} = {0AB3BF05-4346-4AA6-1389-037BE0695223}
		{13CED85E-CB4C-41A2-BF92-06126D5692EC} = {0AB3BF05-4346-4AA6-1389-037BE0695223}
		{1B43E4E8-2B9D-446A-9064-7052ECD57EFC} = {0AB3BF05-4346-4AA6-1389-037BE0695223}
		{C87E9F38-04A2-444E-A207-0B7E6E208BE3} = {8224FBE4-9D0E-4FB0-AE36-5F69BDCC0E0C}
		{EE0F96CB-8412-4DAE-904F-66369A3BD67F} = {8224FBE4-9D0E-4FB0-AE36-5F69BDCC0E0C}
	EndGlobalSection
EndGlobal
